
Microsoft Visual Studio Solution File, Format Version 11.00
# Visual Studio 2010
Project("{8BC9CEB8-8B4A-11D0-8D11-00A0C91BC942}") = "netiso", "netiso\netiso.vcxproj", "{08281F93-18A0-47B4-8496-54929F726C9E}"
EndProject
Project("{8BC9CEB8-8B4A-11D0-8D11-00A0C91BC942}") = "xkelib", "xkelib\xkelib.vcxproj", "{83FEF217-22EE-4768-80BF-9F48D5B4564C}"
EndProject
Global
	GlobalSection(SolutionConfigurationPlatforms) = preSolution
		Debug|Xbox 360 = Debug|Xbox 360
		Release_LTCG|Xbox 360 = Release_LTCG|Xbox 360
		Release|Xbox 360 = Release|Xbox 360
	EndGlobalSection
	GlobalSection(ProjectConfigurationPlatforms) = postSolution
		{08281F93-18A0-47B4-8496-54929F726C9E}.Debug|Xbox 360.ActiveCfg = Release|Xbox 360
		{08281F93-18A0-47B4-8496-54929F726C9E}.Debug|Xbox 360.Build.0 = Release|Xbox 360
		{08281F93-18A0-47B4-8496-54929F726C9E}.Release_LTCG|Xbox 360.ActiveCfg = Release_LTCG|Xbox 360
		{08281F93-18A0-47B4-8496-54929F726C9E}.Release_LTCG|Xbox 360.Build.0 = Release_LTCG|Xbox 360
		{08281F93-18A0-47B4-8496-54929F726C9E}.Release|Xbox 360.ActiveCfg = Release|Xbox 360
		{08281F93-18A0-47B4-8496-54929F726C9E}.Release|Xbox 360.Build.0 = Release|Xbox 360
		{83FEF217-22EE-4768-80BF-9F48D5B4564C}.Debug|Xbox 360.ActiveCfg = Release21256.0|Xbox 360
		{83FEF217-22EE-4768-80BF-9F48D5B4564C}.Debug|Xbox 360.Build.0 = Release21256.0|Xbox 360
		{83FEF217-22EE-4768-80BF-9F48D5B4564C}.Release_LTCG|Xbox 360.ActiveCfg = Release21256.0|Xbox 360
		{83FEF217-22EE-4768-80BF-9F48D5B4564C}.Release_LTCG|Xbox 360.Build.0 = Release21256.0|Xbox 360
		{83FEF217-22EE-4768-80BF-9F48D5B4564C}.Release|Xbox 360.ActiveCfg = Release21256.0|Xbox 360
		{83FEF217-22EE-4768-80BF-9F48D5B4564C}.Release|Xbox 360.Build.0 = Release21256.0|Xbox 360
	EndGlobalSection
	GlobalSection(SolutionProperties) = preSolution
		HideSolutionNode = FALSE
	EndGlobalSection
EndGlobal
